
Microsoft Visual Studio Solution File, Format Version 12.00
# Visual Studio Version 17
VisualStudioVersion = 17.11.35312.102
MinimumVisualStudioVersion = 10.0.40219.1
Project("{FAE04EC0-301F-11D3-BF4B-00C04F79EFBC}") = "CSharpFun", "CSharpFun.csproj", "{0C29F8B9-15C6-4F66-B114-767A29FCADC3}"
EndProject
Global
	GlobalSection(SolutionConfigurationPlatforms) = preSolution
		Debug|Any CPU = Debug|Any CPU
		Release|Any CPU = Release|Any CPU
	EndGlobalSection
	GlobalSection(ProjectConfigurationPlatforms) = postSolution
		{0C29F8B9-15C6-4F66-B114-767A29FCADC3}.Debug|Any CPU.ActiveCfg = Debug|Any CPU
		{0C29F8B9-15C6-4F66-B114-767A29FCADC3}.Debug|Any CPU.Build.0 = Debug|Any CPU
		{0C29F8B9-15C6-4F66-B114-767A29FCADC3}.Release|Any CPU.ActiveCfg = Release|Any CPU
		{0C29F8B9-15C6-4F66-B114-767A29FCADC3}.Release|Any CPU.Build.0 = Release|Any CPU
	EndGlobalSection
	GlobalSection(SolutionProperties) = preSolution
		HideSolutionNode = FALSE
	EndGlobalSection
	GlobalSection(ExtensibilityGlobals) = postSolution
		SolutionGuid = {51D706BE-1CF2-4859-AD1E-98075F3E5EC5}
	EndGlobalSection
EndGlobal
